
Microsoft Visual Studio Solution File, Format Version 12.00
# Visual Studio Version 17
VisualStudioVersion = 17.9.34723.18
MinimumVisualStudioVersion = 10.0.40219.1
Project("{FAE04EC0-301F-11D3-BF4B-00C04F79EFBC}") = "AccessModifiers.App", "AccessModifiers.App\AccessModifiers.App.csproj", "{F4B6B2F5-411E-497B-840D-35CD9414B495}"
EndProject
Project("{FAE04EC0-301F-11D3-BF4B-00C04F79EFBC}") = "AccessModifiers.UiLibrary.Windows", "AccessModifiers.UiLibrary.Windows\AccessModifiers.UiLibrary.Windows.csproj", "{5FDC3634-12C0-4BA0-BD14-9A8BF12DAD3D}"
EndProject
Global
	GlobalSection(SolutionConfigurationPlatforms) = preSolution
		Debug|Any CPU = Debug|Any CPU
		Release|Any CPU = Release|Any CPU
	EndGlobalSection
	GlobalSection(ProjectConfigurationPlatforms) = postSolution
		{F4B6B2F5-411E-497B-840D-35CD9414B495}.Debug|Any CPU.ActiveCfg = Debug|Any CPU
		{F4B6B2F5-411E-497B-840D-35CD9414B495}.Debug|Any CPU.Build.0 = Debug|Any CPU
		{F4B6B2F5-411E-497B-840D-35CD9414B495}.Release|Any CPU.ActiveCfg = Release|Any CPU
		{F4B6B2F5-411E-497B-840D-35CD9414B495}.Release|Any CPU.Build.0 = Release|Any CPU
		{5FDC3634-12C0-4BA0-BD14-9A8BF12DAD3D}.Debug|Any CPU.ActiveCfg = Debug|Any CPU
		{5FDC3634-12C0-4BA0-BD14-9A8BF12DAD3D}.Debug|Any CPU.Build.0 = Debug|Any CPU
		{5FDC3634-12C0-4BA0-BD14-9A8BF12DAD3D}.Release|Any CPU.ActiveCfg = Release|Any CPU
		{5FDC3634-12C0-4BA0-BD14-9A8BF12DAD3D}.Release|Any CPU.Build.0 = Release|Any CPU
	EndGlobalSection
	GlobalSection(SolutionProperties) = preSolution
		HideSolutionNode = FALSE
	EndGlobalSection
	GlobalSection(ExtensibilityGlobals) = postSolution
		SolutionGuid = {BC47612A-6BD8-4598-B95E-0980FB28DC82}
	EndGlobalSection
EndGlobal
